# THIS IS AN AUTOGENERATED FILE. DO NOT EDIT THIS FILE DIRECTLY.
# yarn lockfile v1


"@hotg-ai/rune@^0.11.2":
  version "0.11.3"
  resolved "https://registry.yarnpkg.com/@hotg-ai/rune/-/rune-0.11.3.tgz#1d6eb1ab7fe38861a9b86039c81bfb0711b19d50"
  integrity sha512-pagp9gzbtfHs89FVD75k4GLnOy30vWhqxuqxmRqxvBDuk8wa4H0xjx+wsXf2bfCWCgGflwnNJ37XsM9Qz9lgww==

"@tensorflow/tfjs-converter@2.0.0":
  version "2.0.0"
  resolved "https://registry.yarnpkg.com/@tensorflow/tfjs-converter/-/tfjs-converter-2.0.0.tgz#6242c618202f04d88fa308d68a2dfcdd81ec020c"
  integrity sha512-IFjjx2qe7M2UwwYJvCm2+OgpC+kooCWEjC8mOOoFV/o+g9/Q0RMohRDvffiqUuYx5Usi/vbjhlUBccsy/MhE3g==

"@tensorflow/tfjs-core@2.0.0":
  version "2.0.0"
  resolved "https://registry.yarnpkg.com/@tensorflow/tfjs-core/-/tfjs-core-2.0.0.tgz#c18e963d0332255dc37d6ff58fa0076402ae00d0"
  integrity sha512-GB02Lyjp7NLKbjCOW6S3Vx2CkkUwtJFt8fY7Zaoyy/ANB4Iw8eiHJV0308CClrFfjA+UKU3TrO+bOQfeCJaEUw==
  dependencies:
    "@types/offscreencanvas" "~2019.3.0"
    "@types/seedrandom" "2.4.27"
    "@types/webgl-ext" "0.0.30"
    "@types/webgl2" "0.0.4"
    node-fetch "~2.1.2"
    seedrandom "2.4.3"

"@tensorflow/tfjs-layers@2.0.0":
  version "2.0.0"
  resolved "https://registry.yarnpkg.com/@tensorflow/tfjs-layers/-/tfjs-layers-2.0.0.tgz#cdd2aa013350d88091e2e840a298a272356cb4e3"
  integrity sha512-3jcXVDVbHvkDOSXbvtOgxB1WfRc1asNKOrnNrSfsQhB590DkCUH0QzKSInCe3GyoFhbUZhUwIDz0aFW+GdGgeQ==

"@types/offscreencanvas@~2019.3.0":
  version "2019.3.0"
  resolved "https://registry.yarnpkg.com/@types/offscreencanvas/-/offscreencanvas-2019.3.0.tgz#3336428ec7e9180cf4566dfea5da04eb586a6553"
  integrity sha512-esIJx9bQg+QYF0ra8GnvfianIY8qWB0GBx54PK5Eps6m+xTj86KLavHv6qDhzKcu5UUOgNfJ2pWaIIV7TRUd9Q==

"@types/seedrandom@2.4.27":
  version "2.4.27"
  resolved "https://registry.yarnpkg.com/@types/seedrandom/-/seedrandom-2.4.27.tgz#9db563937dd86915f69092bc43259d2f48578e41"
  integrity sha1-nbVjk33YaRX2kJK8QyWdL0hXjkE=

"@types/webgl-ext@0.0.30":
  version "0.0.30"
  resolved "https://registry.yarnpkg.com/@types/webgl-ext/-/webgl-ext-0.0.30.tgz#0ce498c16a41a23d15289e0b844d945b25f0fb9d"
  integrity sha512-LKVgNmBxN0BbljJrVUwkxwRYqzsAEPcZOe6S2T6ZaBDIrFp0qu4FNlpc5sM1tGbXUYFgdVQIoeLk1Y1UoblyEg==

"@types/webgl2@0.0.4":
  version "0.0.4"
  resolved "https://registry.yarnpkg.com/@types/webgl2/-/webgl2-0.0.4.tgz#c3b0f9d6b465c66138e84e64cb3bdf8373c2c279"
  integrity sha512-PACt1xdErJbMUOUweSrbVM7gSIYm1vTncW2hF6Os/EeWi6TXYAYMPp+8v6rzHmypE5gHrxaxZNXgMkJVIdZpHw==

node-fetch@~2.1.2:
  version "2.1.2"
  resolved "https://registry.yarnpkg.com/node-fetch/-/node-fetch-2.1.2.tgz#ab884e8e7e57e38a944753cec706f788d1768bb5"
  integrity sha1-q4hOjn5X44qUR1POxwb3iNF2i7U=

prettier@^2.5.1:
  version "2.5.1"
  resolved "https://registry.yarnpkg.com/prettier/-/prettier-2.5.1.tgz#fff75fa9d519c54cf0fce328c1017d94546bc56a"
  integrity sha512-vBZcPRUR5MZJwoyi3ZoyQlc1rXeEck8KgeC9AwwOn+exuxLxq5toTRDTSaVrXHxelDMHy9zlicw8u66yxoSUFg==

seedrandom@2.4.3:
  version "2.4.3"
  resolved "https://registry.yarnpkg.com/seedrandom/-/seedrandom-2.4.3.tgz#2438504dad33917314bff18ac4d794f16d6aaecc"
  integrity sha1-JDhQTa0zkXMUv/GKxNeU8W1qrsw=

typescript@^4.5.4:
  version "4.5.4"
  resolved "https://registry.yarnpkg.com/typescript/-/typescript-4.5.4.tgz#a17d3a0263bf5c8723b9c52f43c5084edf13c2e8"
  integrity sha512-VgYs2A2QIRuGphtzFV7aQJduJ2gyfTljngLzjpfW9FoYZF6xuw1W0vW9ghCKLfcWrCFxK81CSGRAvS1pn4fIUg==

unzipit@^1.3.6:
  version "1.4.0"
  resolved "https://registry.yarnpkg.com/unzipit/-/unzipit-1.4.0.tgz#69fc6eef47730897e39b15e54f972d60a1a92441"
  integrity sha512-hjoB8j1igXJgmxqaAvqkIW+faKTpG9cPK6QvkBhNCyd8OPWqODXTBVqTEmZbz62K5J/dX4Xa8lTa0NRikQwSjQ==
  dependencies:
    uzip-module "^1.0.2"

uzip-module@^1.0.2:
  version "1.0.3"
  resolved "https://registry.yarnpkg.com/uzip-module/-/uzip-module-1.0.3.tgz#6bbabe2a3efea5d5a4a47479f523a571de3427ce"
  integrity sha512-AMqwWZaknLM77G+VPYNZLEruMGWGzyigPK3/Whg99B3S6vGHuqsyl5ZrOv1UUF3paGK1U6PM0cnayioaryg/fA==
