# THIS IS AN AUTOGENERATED FILE. DO NOT EDIT THIS FILE DIRECTLY.
# yarn lockfile v1


"@hotg-ai/rune@^0.11.2":
  version "0.11.3"
  resolved "https://registry.yarnpkg.com/@hotg-ai/rune/-/rune-0.11.3.tgz#1d6eb1ab7fe38861a9b86039c81bfb0711b19d50"
  integrity sha512-pagp9gzbtfHs89FVD75k4GLnOy30vWhqxuqxmRqxvBDuk8wa4H0xjx+wsXf2bfCWCgGflwnNJ37XsM9Qz9lgww==

"@tensorflow/tfjs-converter@2.0.0":
  version "2.0.0"
  resolved "https://registry.yarnpkg.com/@tensorflow/tfjs-converter/-/tfjs-converter-2.0.0.tgz#6242c618202f04d88fa308d68a2dfcdd81ec020c"
  integrity sha512-IFjjx2qe7M2UwwYJvCm2+OgpC+kooCWEjC8mOOoFV/o+g9/Q0RMohRDvffiqUuYx5Usi/vbjhlUBccsy/MhE3g==

"@tensorflow/tfjs-core@2.0.0":
  version "2.0.0"
  resolved "https://registry.yarnpkg.com/@tensorflow/tfjs-core/-/tfjs-core-2.0.0.tgz#c18e963d0332255dc37d6ff58fa0076402ae00d0"
  integrity sha512-GB02Lyjp7NLKbjCOW6S3Vx2CkkUwtJFt8fY7Zaoyy/ANB4Iw8eiHJV0308CClrFfjA+UKU3TrO+bOQfeCJaEUw==
  dependencies:
    "@types/offscreencanvas" "~2019.3.0"
    "@types/seedrandom" "2.4.27"
    "@types/webgl-ext" "0.0.30"
    "@types/webgl2" "0.0.4"
    node-fetch "~2.1.2"
    seedrandom "2.4.3"

"@tensorflow/tfjs-layers@2.0.0":
  version "2.0.0"
  resolved "https://registry.yarnpkg.com/@tensorflow/tfjs-layers/-/tfjs-layers-2.0.0.tgz#cdd2aa013350d88091e2e840a298a272356cb4e3"
  integrity sha512-3jcXVDVbHvkDOSXbvtOgxB1WfRc1asNKOrnNrSfsQhB590DkCUH0QzKSInCe3GyoFhbUZhUwIDz0aFW+GdGgeQ==

"@types/jest@^27.4.0":
  version "27.4.0"
  resolved "https://registry.yarnpkg.com/@types/jest/-/jest-27.4.0.tgz#037ab8b872067cae842a320841693080f9cb84ed"
  integrity sha512-gHl8XuC1RZ8H2j5sHv/JqsaxXkDDM9iDOgu0Wp8sjs4u/snb2PVehyWXJPr+ORA0RPpgw231mnutWI1+0hgjIQ==
  dependencies:
    jest-diff "^27.0.0"
    pretty-format "^27.0.0"

"@types/node@^17.0.10":
  version "17.0.10"
  resolved "https://registry.yarnpkg.com/@types/node/-/node-17.0.10.tgz#616f16e9d3a2a3d618136b1be244315d95bd7cab"
  integrity sha512-S/3xB4KzyFxYGCppyDt68yzBU9ysL88lSdIah4D6cptdcltc4NCPCAMc0+PCpg/lLIyC7IPvj2Z52OJWeIUkog==

"@types/offscreencanvas@~2019.3.0":
  version "2019.3.0"
  resolved "https://registry.yarnpkg.com/@types/offscreencanvas/-/offscreencanvas-2019.3.0.tgz#3336428ec7e9180cf4566dfea5da04eb586a6553"
  integrity sha512-esIJx9bQg+QYF0ra8GnvfianIY8qWB0GBx54PK5Eps6m+xTj86KLavHv6qDhzKcu5UUOgNfJ2pWaIIV7TRUd9Q==

"@types/seedrandom@2.4.27":
  version "2.4.27"
  resolved "https://registry.yarnpkg.com/@types/seedrandom/-/seedrandom-2.4.27.tgz#9db563937dd86915f69092bc43259d2f48578e41"
  integrity sha1-nbVjk33YaRX2kJK8QyWdL0hXjkE=

"@types/webgl-ext@0.0.30":
  version "0.0.30"
  resolved "https://registry.yarnpkg.com/@types/webgl-ext/-/webgl-ext-0.0.30.tgz#0ce498c16a41a23d15289e0b844d945b25f0fb9d"
  integrity sha512-LKVgNmBxN0BbljJrVUwkxwRYqzsAEPcZOe6S2T6ZaBDIrFp0qu4FNlpc5sM1tGbXUYFgdVQIoeLk1Y1UoblyEg==

"@types/webgl2@0.0.4":
  version "0.0.4"
  resolved "https://registry.yarnpkg.com/@types/webgl2/-/webgl2-0.0.4.tgz#c3b0f9d6b465c66138e84e64cb3bdf8373c2c279"
  integrity sha512-PACt1xdErJbMUOUweSrbVM7gSIYm1vTncW2hF6Os/EeWi6TXYAYMPp+8v6rzHmypE5gHrxaxZNXgMkJVIdZpHw==

ansi-regex@^5.0.1:
  version "5.0.1"
  resolved "https://registry.yarnpkg.com/ansi-regex/-/ansi-regex-5.0.1.tgz#082cb2c89c9fe8659a311a53bd6a4dc5301db304"
  integrity sha512-quJQXlTSUGL2LH9SUXo8VwsY4soanhgo6LNSm84E1LBcE8s3O0wpdiRzyR9z/ZZJMlMWv37qOOb9pdJlMUEKFQ==

ansi-styles@^4.1.0:
  version "4.3.0"
  resolved "https://registry.yarnpkg.com/ansi-styles/-/ansi-styles-4.3.0.tgz#edd803628ae71c04c85ae7a0906edad34b648937"
  integrity sha512-zbB9rCJAT1rbjiVDb2hqKFHNYLxgtk8NURxZ3IZwD3F6NtxbXZQCnnSi1Lkx+IDohdPlFp222wVALIheZJQSEg==
  dependencies:
    color-convert "^2.0.1"

ansi-styles@^5.0.0:
  version "5.2.0"
  resolved "https://registry.yarnpkg.com/ansi-styles/-/ansi-styles-5.2.0.tgz#07449690ad45777d1924ac2abb2fc8895dba836b"
  integrity sha512-Cxwpt2SfTzTtXcfOlzGEee8O+c+MmUgGrNiBcXnuWxuFJHe6a5Hz7qwhwe5OgaSYI0IJvkLqWX1ASG+cJOkEiA==

chalk@^4.0.0:
  version "4.1.2"
  resolved "https://registry.yarnpkg.com/chalk/-/chalk-4.1.2.tgz#aac4e2b7734a740867aeb16bf02aad556a1e7a01"
  integrity sha512-oKnbhFyRIXpUuez8iBMmyEa4nbj4IOQyuhc/wy9kY7/WVPcwIO9VA668Pu8RkO7+0G76SLROeyw9CpQ061i4mA==
  dependencies:
    ansi-styles "^4.1.0"
    supports-color "^7.1.0"

color-convert@^2.0.1:
  version "2.0.1"
  resolved "https://registry.yarnpkg.com/color-convert/-/color-convert-2.0.1.tgz#72d3a68d598c9bdb3af2ad1e84f21d896abd4de3"
  integrity sha512-RRECPsj7iu/xb5oKYcsFHSppFNnsj/52OVTRKb4zP5onXwVF3zVmmToNcOfGC+CRDpfK/U584fMg38ZHCaElKQ==
  dependencies:
    color-name "~1.1.4"

color-name@~1.1.4:
  version "1.1.4"
  resolved "https://registry.yarnpkg.com/color-name/-/color-name-1.1.4.tgz#c2a09a87acbde69543de6f63fa3995c826c536a2"
  integrity sha512-dOy+3AuW3a2wNbZHIuMZpTcgjGuLU/uBL/ubcZF9OXbDo8ff4O8yVp5Bf0efS8uEoYo5q4Fx7dY9OgQGXgAsQA==

diff-sequences@^27.4.0:
  version "27.4.0"
  resolved "https://registry.yarnpkg.com/diff-sequences/-/diff-sequences-27.4.0.tgz#d783920ad8d06ec718a060d00196dfef25b132a5"
  integrity sha512-YqiQzkrsmHMH5uuh8OdQFU9/ZpADnwzml8z0O5HvRNda+5UZsaX/xN+AAxfR2hWq1Y7HZnAzO9J5lJXOuDz2Ww==

has-flag@^4.0.0:
  version "4.0.0"
  resolved "https://registry.yarnpkg.com/has-flag/-/has-flag-4.0.0.tgz#944771fd9c81c81265c4d6941860da06bb59479b"
  integrity sha512-EykJT/Q1KjTWctppgIAgfSO0tKVuZUjhgMr17kqTumMl6Afv3EISleU7qZUzoXDFTAHTDC4NOoG/ZxU3EvlMPQ==

jest-diff@^27.0.0:
  version "27.4.6"
  resolved "https://registry.yarnpkg.com/jest-diff/-/jest-diff-27.4.6.tgz#93815774d2012a2cbb6cf23f84d48c7a2618f98d"
  integrity sha512-zjaB0sh0Lb13VyPsd92V7HkqF6yKRH9vm33rwBt7rPYrpQvS1nCvlIy2pICbKta+ZjWngYLNn4cCK4nyZkjS/w==
  dependencies:
    chalk "^4.0.0"
    diff-sequences "^27.4.0"
    jest-get-type "^27.4.0"
    pretty-format "^27.4.6"

jest-get-type@^27.4.0:
  version "27.4.0"
  resolved "https://registry.yarnpkg.com/jest-get-type/-/jest-get-type-27.4.0.tgz#7503d2663fffa431638337b3998d39c5e928e9b5"
  integrity sha512-tk9o+ld5TWq41DkK14L4wox4s2D9MtTpKaAVzXfr5CUKm5ZK2ExcaFE0qls2W71zE/6R2TxxrK9w2r6svAFDBQ==

node-fetch@~2.1.2:
  version "2.1.2"
  resolved "https://registry.yarnpkg.com/node-fetch/-/node-fetch-2.1.2.tgz#ab884e8e7e57e38a944753cec706f788d1768bb5"
  integrity sha1-q4hOjn5X44qUR1POxwb3iNF2i7U=

prettier@^2.5.1:
  version "2.5.1"
  resolved "https://registry.yarnpkg.com/prettier/-/prettier-2.5.1.tgz#fff75fa9d519c54cf0fce328c1017d94546bc56a"
  integrity sha512-vBZcPRUR5MZJwoyi3ZoyQlc1rXeEck8KgeC9AwwOn+exuxLxq5toTRDTSaVrXHxelDMHy9zlicw8u66yxoSUFg==

pretty-format@^27.0.0, pretty-format@^27.4.6:
  version "27.4.6"
  resolved "https://registry.yarnpkg.com/pretty-format/-/pretty-format-27.4.6.tgz#1b784d2f53c68db31797b2348fa39b49e31846b7"
  integrity sha512-NblstegA1y/RJW2VyML+3LlpFjzx62cUrtBIKIWDXEDkjNeleA7Od7nrzcs/VLQvAeV4CgSYhrN39DRN88Qi/g==
  dependencies:
    ansi-regex "^5.0.1"
    ansi-styles "^5.0.0"
    react-is "^17.0.1"

react-is@^17.0.1:
  version "17.0.2"
  resolved "https://registry.yarnpkg.com/react-is/-/react-is-17.0.2.tgz#e691d4a8e9c789365655539ab372762b0efb54f0"
  integrity sha512-w2GsyukL62IJnlaff/nRegPQR94C/XXamvMWmSHRJ4y7Ts/4ocGRmTHvOs8PSE6pB3dWOrD/nueuU5sduBsQ4w==

seedrandom@2.4.3:
  version "2.4.3"
  resolved "https://registry.yarnpkg.com/seedrandom/-/seedrandom-2.4.3.tgz#2438504dad33917314bff18ac4d794f16d6aaecc"
  integrity sha1-JDhQTa0zkXMUv/GKxNeU8W1qrsw=

supports-color@^7.1.0:
  version "7.2.0"
  resolved "https://registry.yarnpkg.com/supports-color/-/supports-color-7.2.0.tgz#1b7dcdcb32b8138801b3e478ba6a51caa89648da"
  integrity sha512-qpCAvRl9stuOHveKsn7HncJRvv501qIacKzQlO/+Lwxc9+0q2wLyv4Dfvt80/DPn2pqOBsJdDiogXGR9+OvwRw==
  dependencies:
    has-flag "^4.0.0"

typescript@^4.5.4:
  version "4.5.4"
  resolved "https://registry.yarnpkg.com/typescript/-/typescript-4.5.4.tgz#a17d3a0263bf5c8723b9c52f43c5084edf13c2e8"
  integrity sha512-VgYs2A2QIRuGphtzFV7aQJduJ2gyfTljngLzjpfW9FoYZF6xuw1W0vW9ghCKLfcWrCFxK81CSGRAvS1pn4fIUg==

unzipit@^1.3.6:
  version "1.4.0"
  resolved "https://registry.yarnpkg.com/unzipit/-/unzipit-1.4.0.tgz#69fc6eef47730897e39b15e54f972d60a1a92441"
  integrity sha512-hjoB8j1igXJgmxqaAvqkIW+faKTpG9cPK6QvkBhNCyd8OPWqODXTBVqTEmZbz62K5J/dX4Xa8lTa0NRikQwSjQ==
  dependencies:
    uzip-module "^1.0.2"

uzip-module@^1.0.2:
  version "1.0.3"
  resolved "https://registry.yarnpkg.com/uzip-module/-/uzip-module-1.0.3.tgz#6bbabe2a3efea5d5a4a47479f523a571de3427ce"
  integrity sha512-AMqwWZaknLM77G+VPYNZLEruMGWGzyigPK3/Whg99B3S6vGHuqsyl5ZrOv1UUF3paGK1U6PM0cnayioaryg/fA==
